// !$*UTF8*$!
{
	archiveVersion = 1;
	classes = {
	};
	objectVersion = 46;
	objects = {

/* Begin PBXBuildFile section */
		5AB376ED0784435811293A17 /* Pods_PingPongtvOS.framework in Frameworks */ = {isa = PBXBuildFile; fileRef = FC64F4A856426A4D6B611427 /* Pods_PingPongtvOS.framework */; };
		952A14E11E1EF0D90088BA44 /* HomeViewController.swift in Sources */ = {isa = PBXBuildFile; fileRef = 952A14E01E1EF0D90088BA44 /* HomeViewController.swift */; };
		952A14E31E1EF13B0088BA44 /* WaitingPlayerViewController.swift in Sources */ = {isa = PBXBuildFile; fileRef = 952A14E21E1EF13B0088BA44 /* WaitingPlayerViewController.swift */; };
		952A14E71E1EF17B0088BA44 /* PrepareToPlayViewController.swift in Sources */ = {isa = PBXBuildFile; fileRef = 952A14E61E1EF17B0088BA44 /* PrepareToPlayViewController.swift */; };
		952A14E91E1EF1B60088BA44 /* ChooseConnectionViewController.swift in Sources */ = {isa = PBXBuildFile; fileRef = 952A14E81E1EF1B60088BA44 /* ChooseConnectionViewController.swift */; };
		954D3B191E1497680064374F /* AppDelegate.swift in Sources */ = {isa = PBXBuildFile; fileRef = 954D3B181E1497680064374F /* AppDelegate.swift */; };
		954D3B1B1E1497680064374F /* GameScene.sks in Resources */ = {isa = PBXBuildFile; fileRef = 954D3B1A1E1497680064374F /* GameScene.sks */; };
		954D3B1D1E1497680064374F /* Actions.sks in Resources */ = {isa = PBXBuildFile; fileRef = 954D3B1C1E1497680064374F /* Actions.sks */; };
		954D3B1F1E1497680064374F /* GameScene.swift in Sources */ = {isa = PBXBuildFile; fileRef = 954D3B1E1E1497680064374F /* GameScene.swift */; };
		954D3B211E1497680064374F /* GameViewController.swift in Sources */ = {isa = PBXBuildFile; fileRef = 954D3B201E1497680064374F /* GameViewController.swift */; };
		954D3B241E1497680064374F /* Main.storyboard in Resources */ = {isa = PBXBuildFile; fileRef = 954D3B221E1497680064374F /* Main.storyboard */; };
		954D3B261E1497680064374F /* Assets.xcassets in Resources */ = {isa = PBXBuildFile; fileRef = 954D3B251E1497680064374F /* Assets.xcassets */; };
		954D3B291E1497680064374F /* LaunchScreen.storyboard in Resources */ = {isa = PBXBuildFile; fileRef = 954D3B271E1497680064374F /* LaunchScreen.storyboard */; };
		954D3B371E1497AA0064374F /* AppDelegate.swift in Sources */ = {isa = PBXBuildFile; fileRef = 954D3B361E1497AA0064374F /* AppDelegate.swift */; };
		954D3B391E1497AA0064374F /* GameScene.sks in Resources */ = {isa = PBXBuildFile; fileRef = 954D3B381E1497AA0064374F /* GameScene.sks */; };
		954D3B3B1E1497AA0064374F /* Actions.sks in Resources */ = {isa = PBXBuildFile; fileRef = 954D3B3A1E1497AA0064374F /* Actions.sks */; };
		954D3B3D1E1497AA0064374F /* Game.xcassets in Resources */ = {isa = PBXBuildFile; fileRef = 954D3B3C1E1497AA0064374F /* Game.xcassets */; };
		954D3B3F1E1497AA0064374F /* GameScene.swift in Sources */ = {isa = PBXBuildFile; fileRef = 954D3B3E1E1497AA0064374F /* GameScene.swift */; };
		954D3B411E1497AA0064374F /* GameViewController.swift in Sources */ = {isa = PBXBuildFile; fileRef = 954D3B401E1497AA0064374F /* GameViewController.swift */; };
		954D3B441E1497AA0064374F /* Main.storyboard in Resources */ = {isa = PBXBuildFile; fileRef = 954D3B421E1497AA0064374F /* Main.storyboard */; };
		954D3B461E1497AA0064374F /* Assets.xcassets in Resources */ = {isa = PBXBuildFile; fileRef = 954D3B451E1497AA0064374F /* Assets.xcassets */; };
		9554B99E1E2D46CE00F8F13D /* BackgroundScene.swift in Sources */ = {isa = PBXBuildFile; fileRef = 9554B99D1E2D46CE00F8F13D /* BackgroundScene.swift */; };
		9554B9A11E2D46FC00F8F13D /* BackgroundScene.sks in Resources */ = {isa = PBXBuildFile; fileRef = 9554B9A01E2D46FC00F8F13D /* BackgroundScene.sks */; };
		95F41B321E235E7C0087CACC /* ContactExtension.swift in Sources */ = {isa = PBXBuildFile; fileRef = 95F41B311E235E7C0087CACC /* ContactExtension.swift */; };
		95F41B341E238FD00087CACC /* ScoreMessage.swift in Sources */ = {isa = PBXBuildFile; fileRef = 95F41B331E238FD00087CACC /* ScoreMessage.swift */; };
		95F41B361E23BA820087CACC /* FinishGameExtension.swift in Sources */ = {isa = PBXBuildFile; fileRef = 95F41B351E23BA820087CACC /* FinishGameExtension.swift */; };
		95F41B381E23C8650087CACC /* RacketMoveExtension.swift in Sources */ = {isa = PBXBuildFile; fileRef = 95F41B371E23C8650087CACC /* RacketMoveExtension.swift */; };
		95F468471E20699B00D01E3B /* TextMessage.swift in Sources */ = {isa = PBXBuildFile; fileRef = 95F468461E20699B00D01E3B /* TextMessage.swift */; };
		95F4684A1E2069AE00D01E3B /* PingMessage.swift in Sources */ = {isa = PBXBuildFile; fileRef = 95F468491E2069AE00D01E3B /* PingMessage.swift */; };
		95F4684F1E206E9E00D01E3B /* Facade.swift in Sources */ = {isa = PBXBuildFile; fileRef = 95F4684E1E206E9E00D01E3B /* Facade.swift */; };
		95F468591E21961E00D01E3B /* Player.swift in Sources */ = {isa = PBXBuildFile; fileRef = 95F468581E21961E00D01E3B /* Player.swift */; };
		95F4685A1E21961E00D01E3B /* Player.swift in Sources */ = {isa = PBXBuildFile; fileRef = 95F468581E21961E00D01E3B /* Player.swift */; };
		95F4685C1E21962E00D01E3B /* Match.swift in Sources */ = {isa = PBXBuildFile; fileRef = 95F4685B1E21962E00D01E3B /* Match.swift */; };
		95F4685D1E21962E00D01E3B /* Match.swift in Sources */ = {isa = PBXBuildFile; fileRef = 95F4685B1E21962E00D01E3B /* Match.swift */; };
		95F468621E21CC7100D01E3B /* BallMessage.swift in Sources */ = {isa = PBXBuildFile; fileRef = 95F468611E21CC7100D01E3B /* BallMessage.swift */; };
		95F468631E21CC7100D01E3B /* BallMessage.swift in Sources */ = {isa = PBXBuildFile; fileRef = 95F468611E21CC7100D01E3B /* BallMessage.swift */; };
		95F468651E2265C300D01E3B /* StatusMessage.swift in Sources */ = {isa = PBXBuildFile; fileRef = 95F468641E2265C300D01E3B /* StatusMessage.swift */; };
		95F468661E2265C300D01E3B /* StatusMessage.swift in Sources */ = {isa = PBXBuildFile; fileRef = 95F468641E2265C300D01E3B /* StatusMessage.swift */; };
		D11E788988D94A5B32E9E5DB /* Pods_PingPong.framework in Frameworks */ = {isa = PBXBuildFile; fileRef = DB3444526D7812A99775693C /* Pods_PingPong.framework */; };
/* End PBXBuildFile section */

/* Begin PBXFileReference section */
		2F2146AB8EE0A89E20B9A5E7 /* Pods-PingPong.release.xcconfig */ = {isa = PBXFileReference; includeInIndex = 1; lastKnownFileType = text.xcconfig; name = "Pods-PingPong.release.xcconfig"; path = "Pods/Target Support Files/Pods-PingPong/Pods-PingPong.release.xcconfig"; sourceTree = "<group>"; };
		883E56004AE7E20F9D340CE5 /* Pods-PingPong.debug.xcconfig */ = {isa = PBXFileReference; includeInIndex = 1; lastKnownFileType = text.xcconfig; name = "Pods-PingPong.debug.xcconfig"; path = "Pods/Target Support Files/Pods-PingPong/Pods-PingPong.debug.xcconfig"; sourceTree = "<group>"; };
		8BC6E62091F96F48E3976EA4 /* Pods-PingPongtvOS.release.xcconfig */ = {isa = PBXFileReference; includeInIndex = 1; lastKnownFileType = text.xcconfig; name = "Pods-PingPongtvOS.release.xcconfig"; path = "Pods/Target Support Files/Pods-PingPongtvOS/Pods-PingPongtvOS.release.xcconfig"; sourceTree = "<group>"; };
		952A14E01E1EF0D90088BA44 /* HomeViewController.swift */ = {isa = PBXFileReference; fileEncoding = 4; lastKnownFileType = sourcecode.swift; name = HomeViewController.swift; path = VIewControllers/HomeViewController.swift; sourceTree = "<group>"; };
		952A14E21E1EF13B0088BA44 /* WaitingPlayerViewController.swift */ = {isa = PBXFileReference; fileEncoding = 4; lastKnownFileType = sourcecode.swift; name = WaitingPlayerViewController.swift; path = VIewControllers/WaitingPlayerViewController.swift; sourceTree = "<group>"; };
		952A14E61E1EF17B0088BA44 /* PrepareToPlayViewController.swift */ = {isa = PBXFileReference; fileEncoding = 4; lastKnownFileType = sourcecode.swift; name = PrepareToPlayViewController.swift; path = VIewControllers/PrepareToPlayViewController.swift; sourceTree = "<group>"; };
		952A14E81E1EF1B60088BA44 /* ChooseConnectionViewController.swift */ = {isa = PBXFileReference; fileEncoding = 4; lastKnownFileType = sourcecode.swift; name = ChooseConnectionViewController.swift; path = VIewControllers/ChooseConnectionViewController.swift; sourceTree = "<group>"; };
		954D3B151E1497680064374F /* PingPong.app */ = {isa = PBXFileReference; explicitFileType = wrapper.application; includeInIndex = 0; path = PingPong.app; sourceTree = BUILT_PRODUCTS_DIR; };
		954D3B181E1497680064374F /* AppDelegate.swift */ = {isa = PBXFileReference; lastKnownFileType = sourcecode.swift; path = AppDelegate.swift; sourceTree = "<group>"; };
		954D3B1A1E1497680064374F /* GameScene.sks */ = {isa = PBXFileReference; lastKnownFileType = file.sks; path = GameScene.sks; sourceTree = "<group>"; };
		954D3B1C1E1497680064374F /* Actions.sks */ = {isa = PBXFileReference; lastKnownFileType = file.sks; path = Actions.sks; sourceTree = "<group>"; };
		954D3B1E1E1497680064374F /* GameScene.swift */ = {isa = PBXFileReference; lastKnownFileType = sourcecode.swift; path = GameScene.swift; sourceTree = "<group>"; };
		954D3B201E1497680064374F /* GameViewController.swift */ = {isa = PBXFileReference; lastKnownFileType = sourcecode.swift; path = GameViewController.swift; sourceTree = "<group>"; };
		954D3B231E1497680064374F /* Base */ = {isa = PBXFileReference; lastKnownFileType = file.storyboard; name = Base; path = Base.lproj/Main.storyboard; sourceTree = "<group>"; };
		954D3B251E1497680064374F /* Assets.xcassets */ = {isa = PBXFileReference; lastKnownFileType = folder.assetcatalog; path = Assets.xcassets; sourceTree = "<group>"; };
		954D3B281E1497680064374F /* Base */ = {isa = PBXFileReference; lastKnownFileType = file.storyboard; name = Base; path = Base.lproj/LaunchScreen.storyboard; sourceTree = "<group>"; };
		954D3B2A1E1497680064374F /* Info.plist */ = {isa = PBXFileReference; lastKnownFileType = text.plist.xml; path = Info.plist; sourceTree = "<group>"; };
		954D3B341E1497A90064374F /* PingPongtvOS.app */ = {isa = PBXFileReference; explicitFileType = wrapper.application; includeInIndex = 0; path = PingPongtvOS.app; sourceTree = BUILT_PRODUCTS_DIR; };
		954D3B361E1497AA0064374F /* AppDelegate.swift */ = {isa = PBXFileReference; lastKnownFileType = sourcecode.swift; path = AppDelegate.swift; sourceTree = "<group>"; };
		954D3B381E1497AA0064374F /* GameScene.sks */ = {isa = PBXFileReference; lastKnownFileType = file.sks; path = GameScene.sks; sourceTree = "<group>"; };
		954D3B3A1E1497AA0064374F /* Actions.sks */ = {isa = PBXFileReference; lastKnownFileType = file.sks; path = Actions.sks; sourceTree = "<group>"; };
		954D3B3C1E1497AA0064374F /* Game.xcassets */ = {isa = PBXFileReference; lastKnownFileType = folder.assetcatalog; path = Game.xcassets; sourceTree = "<group>"; };
		954D3B3E1E1497AA0064374F /* GameScene.swift */ = {isa = PBXFileReference; lastKnownFileType = sourcecode.swift; path = GameScene.swift; sourceTree = "<group>"; };
		954D3B401E1497AA0064374F /* GameViewController.swift */ = {isa = PBXFileReference; lastKnownFileType = sourcecode.swift; path = GameViewController.swift; sourceTree = "<group>"; };
		954D3B431E1497AA0064374F /* Base */ = {isa = PBXFileReference; lastKnownFileType = file.storyboard; name = Base; path = Base.lproj/Main.storyboard; sourceTree = "<group>"; };
		954D3B451E1497AA0064374F /* Assets.xcassets */ = {isa = PBXFileReference; lastKnownFileType = folder.assetcatalog; path = Assets.xcassets; sourceTree = "<group>"; };
		954D3B471E1497AA0064374F /* Info.plist */ = {isa = PBXFileReference; lastKnownFileType = text.plist.xml; path = Info.plist; sourceTree = "<group>"; };
		9554B99D1E2D46CE00F8F13D /* BackgroundScene.swift */ = {isa = PBXFileReference; fileEncoding = 4; lastKnownFileType = sourcecode.swift; path = BackgroundScene.swift; sourceTree = "<group>"; };
		9554B9A01E2D46FC00F8F13D /* BackgroundScene.sks */ = {isa = PBXFileReference; lastKnownFileType = file.sks; path = BackgroundScene.sks; sourceTree = "<group>"; };
		95F41B311E235E7C0087CACC /* ContactExtension.swift */ = {isa = PBXFileReference; fileEncoding = 4; lastKnownFileType = sourcecode.swift; name = ContactExtension.swift; path = Game/ContactExtension.swift; sourceTree = "<group>"; };
		95F41B331E238FD00087CACC /* ScoreMessage.swift */ = {isa = PBXFileReference; fileEncoding = 4; lastKnownFileType = sourcecode.swift; name = ScoreMessage.swift; path = Messages/ScoreMessage.swift; sourceTree = "<group>"; };
		95F41B351E23BA820087CACC /* FinishGameExtension.swift */ = {isa = PBXFileReference; fileEncoding = 4; lastKnownFileType = sourcecode.swift; name = FinishGameExtension.swift; path = Game/FinishGameExtension.swift; sourceTree = "<group>"; };
		95F41B371E23C8650087CACC /* RacketMoveExtension.swift */ = {isa = PBXFileReference; fileEncoding = 4; lastKnownFileType = sourcecode.swift; path = RacketMoveExtension.swift; sourceTree = "<group>"; };
		95F468461E20699B00D01E3B /* TextMessage.swift */ = {isa = PBXFileReference; fileEncoding = 4; lastKnownFileType = sourcecode.swift; name = TextMessage.swift; path = Messages/TextMessage.swift; sourceTree = "<group>"; };
		95F468491E2069AE00D01E3B /* PingMessage.swift */ = {isa = PBXFileReference; fileEncoding = 4; lastKnownFileType = sourcecode.swift; name = PingMessage.swift; path = Messages/PingMessage.swift; sourceTree = "<group>"; };
		95F4684E1E206E9E00D01E3B /* Facade.swift */ = {isa = PBXFileReference; fileEncoding = 4; lastKnownFileType = sourcecode.swift; path = Facade.swift; sourceTree = "<group>"; };
		95F468581E21961E00D01E3B /* Player.swift */ = {isa = PBXFileReference; fileEncoding = 4; lastKnownFileType = sourcecode.swift; name = Player.swift; path = Model/Player.swift; sourceTree = "<group>"; };
		95F4685B1E21962E00D01E3B /* Match.swift */ = {isa = PBXFileReference; fileEncoding = 4; lastKnownFileType = sourcecode.swift; name = Match.swift; path = Model/Match.swift; sourceTree = "<group>"; };
		95F468611E21CC7100D01E3B /* BallMessage.swift */ = {isa = PBXFileReference; fileEncoding = 4; lastKnownFileType = sourcecode.swift; name = BallMessage.swift; path = Messages/BallMessage.swift; sourceTree = "<group>"; };
		95F468641E2265C300D01E3B /* StatusMessage.swift */ = {isa = PBXFileReference; fileEncoding = 4; lastKnownFileType = sourcecode.swift; name = StatusMessage.swift; path = Messages/StatusMessage.swift; sourceTree = "<group>"; };
		994BCDF418EC9BC80502D64B /* Pods-PingPongtvOS.debug.xcconfig */ = {isa = PBXFileReference; includeInIndex = 1; lastKnownFileType = text.xcconfig; name = "Pods-PingPongtvOS.debug.xcconfig"; path = "Pods/Target Support Files/Pods-PingPongtvOS/Pods-PingPongtvOS.debug.xcconfig"; sourceTree = "<group>"; };
		DB3444526D7812A99775693C /* Pods_PingPong.framework */ = {isa = PBXFileReference; explicitFileType = wrapper.framework; includeInIndex = 0; path = Pods_PingPong.framework; sourceTree = BUILT_PRODUCTS_DIR; };
		FC64F4A856426A4D6B611427 /* Pods_PingPongtvOS.framework */ = {isa = PBXFileReference; explicitFileType = wrapper.framework; includeInIndex = 0; path = Pods_PingPongtvOS.framework; sourceTree = BUILT_PRODUCTS_DIR; };
/* End PBXFileReference section */

/* Begin PBXFrameworksBuildPhase section */
		954D3B121E1497680064374F /* Frameworks */ = {
			isa = PBXFrameworksBuildPhase;
			buildActionMask = 2147483647;
			files = (
				D11E788988D94A5B32E9E5DB /* Pods_PingPong.framework in Frameworks */,
			);
			runOnlyForDeploymentPostprocessing = 0;
		};
		954D3B311E1497A90064374F /* Frameworks */ = {
			isa = PBXFrameworksBuildPhase;
			buildActionMask = 2147483647;
			files = (
				5AB376ED0784435811293A17 /* Pods_PingPongtvOS.framework in Frameworks */,
			);
			runOnlyForDeploymentPostprocessing = 0;
		};
/* End PBXFrameworksBuildPhase section */

/* Begin PBXGroup section */
		5308235AB6600BF2AB1508A9 /* Pods */ = {
			isa = PBXGroup;
			children = (
				883E56004AE7E20F9D340CE5 /* Pods-PingPong.debug.xcconfig */,
				2F2146AB8EE0A89E20B9A5E7 /* Pods-PingPong.release.xcconfig */,
				994BCDF418EC9BC80502D64B /* Pods-PingPongtvOS.debug.xcconfig */,
				8BC6E62091F96F48E3976EA4 /* Pods-PingPongtvOS.release.xcconfig */,
			);
			name = Pods;
			sourceTree = "<group>";
		};
		9526E8BB1E1D5F6B00F0D9BA /* Game */ = {
			isa = PBXGroup;
			children = (
				954D3B1A1E1497680064374F /* GameScene.sks */,
				954D3B1C1E1497680064374F /* Actions.sks */,
				954D3B1E1E1497680064374F /* GameScene.swift */,
				95F41B371E23C8650087CACC /* RacketMoveExtension.swift */,
				95F41B351E23BA820087CACC /* FinishGameExtension.swift */,
				95F41B311E235E7C0087CACC /* ContactExtension.swift */,
			);
			name = Game;
			sourceTree = "<group>";
		};
		9526E8C11E1D626600F0D9BA /* ViewControllers */ = {
			isa = PBXGroup;
			children = (
				952A14E01E1EF0D90088BA44 /* HomeViewController.swift */,
				952A14E21E1EF13B0088BA44 /* WaitingPlayerViewController.swift */,
				952A14E81E1EF1B60088BA44 /* ChooseConnectionViewController.swift */,
				952A14E61E1EF17B0088BA44 /* PrepareToPlayViewController.swift */,
				954D3B201E1497680064374F /* GameViewController.swift */,
			);
			name = ViewControllers;
			sourceTree = "<group>";
		};
		954D3B0C1E1497680064374F = {
			isa = PBXGroup;
			children = (
				95F468571E21955F00D01E3B /* Model */,
				95F4684D1E2069C100D01E3B /* Messages */,
				954D3B171E1497680064374F /* PingPong */,
				954D3B351E1497AA0064374F /* PingPongtvOS */,
				954D3B161E1497680064374F /* Products */,
				5308235AB6600BF2AB1508A9 /* Pods */,
				B47F2B8D017C886D6E95356F /* Frameworks */,
			);
			sourceTree = "<group>";
		};
		954D3B161E1497680064374F /* Products */ = {
			isa = PBXGroup;
			children = (
				954D3B151E1497680064374F /* PingPong.app */,
				954D3B341E1497A90064374F /* PingPongtvOS.app */,
			);
			name = Products;
			sourceTree = "<group>";
		};
		954D3B171E1497680064374F /* PingPong */ = {
			isa = PBXGroup;
			children = (
				9526E8BB1E1D5F6B00F0D9BA /* Game */,
				9526E8C11E1D626600F0D9BA /* ViewControllers */,
				9554B99F1E2D46DD00F8F13D /* UIComponents */,
				95F4684E1E206E9E00D01E3B /* Facade.swift */,
				954D3B251E1497680064374F /* Assets.xcassets */,
				954D3B221E1497680064374F /* Main.storyboard */,
				954D3B271E1497680064374F /* LaunchScreen.storyboard */,
				954D3B2A1E1497680064374F /* Info.plist */,
				954D3B181E1497680064374F /* AppDelegate.swift */,
			);
			path = PingPong;
			sourceTree = "<group>";
		};
		954D3B351E1497AA0064374F /* PingPongtvOS */ = {
			isa = PBXGroup;
			children = (
				954D3B361E1497AA0064374F /* AppDelegate.swift */,
				954D3B381E1497AA0064374F /* GameScene.sks */,
				954D3B3A1E1497AA0064374F /* Actions.sks */,
				954D3B3C1E1497AA0064374F /* Game.xcassets */,
				954D3B3E1E1497AA0064374F /* GameScene.swift */,
				954D3B401E1497AA0064374F /* GameViewController.swift */,
				954D3B421E1497AA0064374F /* Main.storyboard */,
				954D3B451E1497AA0064374F /* Assets.xcassets */,
				954D3B471E1497AA0064374F /* Info.plist */,
			);
			path = PingPongtvOS;
			sourceTree = "<group>";
		};
		9554B99F1E2D46DD00F8F13D /* UIComponents */ = {
			isa = PBXGroup;
			children = (
				9554B99D1E2D46CE00F8F13D /* BackgroundScene.swift */,
				9554B9A01E2D46FC00F8F13D /* BackgroundScene.sks */,
			);
			name = UIComponents;
			sourceTree = "<group>";
		};
		95F4684D1E2069C100D01E3B /* Messages */ = {
			isa = PBXGroup;
			children = (
				95F468461E20699B00D01E3B /* TextMessage.swift */,
				95F468611E21CC7100D01E3B /* BallMessage.swift */,
				95F468641E2265C300D01E3B /* StatusMessage.swift */,
				95F41B331E238FD00087CACC /* ScoreMessage.swift */,
				95F468491E2069AE00D01E3B /* PingMessage.swift */,
			);
			name = Messages;
			sourceTree = "<group>";
		};
		95F468571E21955F00D01E3B /* Model */ = {
			isa = PBXGroup;
			children = (
				95F468581E21961E00D01E3B /* Player.swift */,
				95F4685B1E21962E00D01E3B /* Match.swift */,
			);
			name = Model;
			sourceTree = "<group>";
		};
		B47F2B8D017C886D6E95356F /* Frameworks */ = {
			isa = PBXGroup;
			children = (
				DB3444526D7812A99775693C /* Pods_PingPong.framework */,
				FC64F4A856426A4D6B611427 /* Pods_PingPongtvOS.framework */,
			);
			name = Frameworks;
			sourceTree = "<group>";
		};
/* End PBXGroup section */

/* Begin PBXNativeTarget section */
		954D3B141E1497680064374F /* PingPong */ = {
			isa = PBXNativeTarget;
			buildConfigurationList = 954D3B2D1E1497680064374F /* Build configuration list for PBXNativeTarget "PingPong" */;
			buildPhases = (
				DDA3D7DF2B6351BFD5BB3BC7 /* [CP] Check Pods Manifest.lock */,
				954D3B111E1497680064374F /* Sources */,
				954D3B121E1497680064374F /* Frameworks */,
				954D3B131E1497680064374F /* Resources */,
				A95B3ECEEC9C62761750798A /* [CP] Embed Pods Frameworks */,
				3AD06F337CA6E75369983B32 /* [CP] Copy Pods Resources */,
			);
			buildRules = (
			);
			dependencies = (
			);
			name = PingPong;
			productName = PingPong;
			productReference = 954D3B151E1497680064374F /* PingPong.app */;
			productType = "com.apple.product-type.application";
		};
		954D3B331E1497A90064374F /* PingPongtvOS */ = {
			isa = PBXNativeTarget;
			buildConfigurationList = 954D3B481E1497AA0064374F /* Build configuration list for PBXNativeTarget "PingPongtvOS" */;
			buildPhases = (
				89DD7E9BAD63773CEC0A5560 /* [CP] Check Pods Manifest.lock */,
				954D3B301E1497A90064374F /* Sources */,
				954D3B311E1497A90064374F /* Frameworks */,
				954D3B321E1497A90064374F /* Resources */,
				54DF76A041788555B77ED444 /* [CP] Embed Pods Frameworks */,
				FEAB542DA636C0EAB98A444F /* [CP] Copy Pods Resources */,
			);
			buildRules = (
			);
			dependencies = (
			);
			name = PingPongtvOS;
			productName = PingPongtvOS;
			productReference = 954D3B341E1497A90064374F /* PingPongtvOS.app */;
			productType = "com.apple.product-type.application";
		};
/* End PBXNativeTarget section */

/* Begin PBXProject section */
		954D3B0D1E1497680064374F /* Project object */ = {
			isa = PBXProject;
			attributes = {
				LastSwiftUpdateCheck = 0820;
				LastUpgradeCheck = 0820;
				ORGANIZATIONNAME = "Back St Eltons";
				TargetAttributes = {
					954D3B141E1497680064374F = {
						CreatedOnToolsVersion = 8.2.1;
						DevelopmentTeam = 8Q3X4RF687;
						ProvisioningStyle = Automatic;
					};
					954D3B331E1497A90064374F = {
						CreatedOnToolsVersion = 8.2.1;
						DevelopmentTeam = 8Q3X4RF687;
						ProvisioningStyle = Automatic;
					};
				};
			};
			buildConfigurationList = 954D3B101E1497680064374F /* Build configuration list for PBXProject "PingPong" */;
			compatibilityVersion = "Xcode 3.2";
			developmentRegion = English;
			hasScannedForEncodings = 0;
			knownRegions = (
				en,
				Base,
			);
			mainGroup = 954D3B0C1E1497680064374F;
			productRefGroup = 954D3B161E1497680064374F /* Products */;
			projectDirPath = "";
			projectRoot = "";
			targets = (
				954D3B141E1497680064374F /* PingPong */,
				954D3B331E1497A90064374F /* PingPongtvOS */,
			);
		};
/* End PBXProject section */

/* Begin PBXResourcesBuildPhase section */
		954D3B131E1497680064374F /* Resources */ = {
			isa = PBXResourcesBuildPhase;
			buildActionMask = 2147483647;
			files = (
				954D3B241E1497680064374F /* Main.storyboard in Resources */,
				954D3B1B1E1497680064374F /* GameScene.sks in Resources */,
				954D3B261E1497680064374F /* Assets.xcassets in Resources */,
				954D3B291E1497680064374F /* LaunchScreen.storyboard in Resources */,
				9554B9A11E2D46FC00F8F13D /* BackgroundScene.sks in Resources */,
				954D3B1D1E1497680064374F /* Actions.sks in Resources */,
			);
			runOnlyForDeploymentPostprocessing = 0;
		};
		954D3B321E1497A90064374F /* Resources */ = {
			isa = PBXResourcesBuildPhase;
			buildActionMask = 2147483647;
			files = (
				954D3B391E1497AA0064374F /* GameScene.sks in Resources */,
				954D3B3B1E1497AA0064374F /* Actions.sks in Resources */,
				954D3B3D1E1497AA0064374F /* Game.xcassets in Resources */,
				954D3B441E1497AA0064374F /* Main.storyboard in Resources */,
				954D3B461E1497AA0064374F /* Assets.xcassets in Resources */,
			);
			runOnlyForDeploymentPostprocessing = 0;
		};
/* End PBXResourcesBuildPhase section */

/* Begin PBXShellScriptBuildPhase section */
		3AD06F337CA6E75369983B32 /* [CP] Copy Pods Resources */ = {
			isa = PBXShellScriptBuildPhase;
			buildActionMask = 2147483647;
			files = (
			);
			inputPaths = (
			);
			name = "[CP] Copy Pods Resources";
			outputPaths = (
			);
			runOnlyForDeploymentPostprocessing = 0;
			shellPath = /bin/sh;
			shellScript = "\"${SRCROOT}/Pods/Target Support Files/Pods-PingPong/Pods-PingPong-resources.sh\"\n";
			showEnvVarsInLog = 0;
		};
		54DF76A041788555B77ED444 /* [CP] Embed Pods Frameworks */ = {
			isa = PBXShellScriptBuildPhase;
			buildActionMask = 2147483647;
			files = (
			);
			inputPaths = (
			);
			name = "[CP] Embed Pods Frameworks";
			outputPaths = (
			);
			runOnlyForDeploymentPostprocessing = 0;
			shellPath = /bin/sh;
			shellScript = "\"${SRCROOT}/Pods/Target Support Files/Pods-PingPongtvOS/Pods-PingPongtvOS-frameworks.sh\"\n";
			showEnvVarsInLog = 0;
		};
		89DD7E9BAD63773CEC0A5560 /* [CP] Check Pods Manifest.lock */ = {
			isa = PBXShellScriptBuildPhase;
			buildActionMask = 2147483647;
			files = (
			);
			inputPaths = (
			);
			name = "[CP] Check Pods Manifest.lock";
			outputPaths = (
			);
			runOnlyForDeploymentPostprocessing = 0;
			shellPath = /bin/sh;
			shellScript = "diff \"${PODS_ROOT}/../Podfile.lock\" \"${PODS_ROOT}/Manifest.lock\" > /dev/null\nif [ $? != 0 ] ; then\n    # print error to STDERR\n    echo \"error: The sandbox is not in sync with the Podfile.lock. Run 'pod install' or update your CocoaPods installation.\" >&2\n    exit 1\nfi\n";
			showEnvVarsInLog = 0;
		};
		A95B3ECEEC9C62761750798A /* [CP] Embed Pods Frameworks */ = {
			isa = PBXShellScriptBuildPhase;
			buildActionMask = 2147483647;
			files = (
			);
			inputPaths = (
			);
			name = "[CP] Embed Pods Frameworks";
			outputPaths = (
			);
			runOnlyForDeploymentPostprocessing = 0;
			shellPath = /bin/sh;
			shellScript = "\"${SRCROOT}/Pods/Target Support Files/Pods-PingPong/Pods-PingPong-frameworks.sh\"\n";
			showEnvVarsInLog = 0;
		};
		DDA3D7DF2B6351BFD5BB3BC7 /* [CP] Check Pods Manifest.lock */ = {
			isa = PBXShellScriptBuildPhase;
			buildActionMask = 2147483647;
			files = (
			);
			inputPaths = (
			);
			name = "[CP] Check Pods Manifest.lock";
			outputPaths = (
			);
			runOnlyForDeploymentPostprocessing = 0;
			shellPath = /bin/sh;
			shellScript = "diff \"${PODS_ROOT}/../Podfile.lock\" \"${PODS_ROOT}/Manifest.lock\" > /dev/null\nif [ $? != 0 ] ; then\n    # print error to STDERR\n    echo \"error: The sandbox is not in sync with the Podfile.lock. Run 'pod install' or update your CocoaPods installation.\" >&2\n    exit 1\nfi\n";
			showEnvVarsInLog = 0;
		};
		FEAB542DA636C0EAB98A444F /* [CP] Copy Pods Resources */ = {
			isa = PBXShellScriptBuildPhase;
			buildActionMask = 2147483647;
			files = (
			);
			inputPaths = (
			);
			name = "[CP] Copy Pods Resources";
			outputPaths = (
			);
			runOnlyForDeploymentPostprocessing = 0;
			shellPath = /bin/sh;
			shellScript = "\"${SRCROOT}/Pods/Target Support Files/Pods-PingPongtvOS/Pods-PingPongtvOS-resources.sh\"\n";
			showEnvVarsInLog = 0;
		};
/* End PBXShellScriptBuildPhase section */

/* Begin PBXSourcesBuildPhase section */
		954D3B111E1497680064374F /* Sources */ = {
			isa = PBXSourcesBuildPhase;
			buildActionMask = 2147483647;
			files = (
				954D3B1F1E1497680064374F /* GameScene.swift in Sources */,
				95F41B361E23BA820087CACC /* FinishGameExtension.swift in Sources */,
				95F4684F1E206E9E00D01E3B /* Facade.swift in Sources */,
				95F4684A1E2069AE00D01E3B /* PingMessage.swift in Sources */,
				95F468591E21961E00D01E3B /* Player.swift in Sources */,
				954D3B211E1497680064374F /* GameViewController.swift in Sources */,
				95F41B321E235E7C0087CACC /* ContactExtension.swift in Sources */,
				954D3B191E1497680064374F /* AppDelegate.swift in Sources */,
				952A14E11E1EF0D90088BA44 /* HomeViewController.swift in Sources */,
				952A14E31E1EF13B0088BA44 /* WaitingPlayerViewController.swift in Sources */,
				95F468621E21CC7100D01E3B /* BallMessage.swift in Sources */,
				95F468651E2265C300D01E3B /* StatusMessage.swift in Sources */,
				95F41B341E238FD00087CACC /* ScoreMessage.swift in Sources */,
				95F4685C1E21962E00D01E3B /* Match.swift in Sources */,
				952A14E91E1EF1B60088BA44 /* ChooseConnectionViewController.swift in Sources */,
				9554B99E1E2D46CE00F8F13D /* BackgroundScene.swift in Sources */,
				95F468471E20699B00D01E3B /* TextMessage.swift in Sources */,
				95F41B381E23C8650087CACC /* RacketMoveExtension.swift in Sources */,
				952A14E71E1EF17B0088BA44 /* PrepareToPlayViewController.swift in Sources */,
			);
			runOnlyForDeploymentPostprocessing = 0;
		};
		954D3B301E1497A90064374F /* Sources */ = {
			isa = PBXSourcesBuildPhase;
			buildActionMask = 2147483647;
			files = (
				954D3B3F1E1497AA0064374F /* GameScene.swift in Sources */,
				954D3B411E1497AA0064374F /* GameViewController.swift in Sources */,
				95F468661E2265C300D01E3B /* StatusMessage.swift in Sources */,
				95F4685A1E21961E00D01E3B /* Player.swift in Sources */,
				954D3B371E1497AA0064374F /* AppDelegate.swift in Sources */,
				95F468631E21CC7100D01E3B /* BallMessage.swift in Sources */,
				95F4685D1E21962E00D01E3B /* Match.swift in Sources */,
			);
			runOnlyForDeploymentPostprocessing = 0;
		};
/* End PBXSourcesBuildPhase section */

/* Begin PBXVariantGroup section */
		954D3B221E1497680064374F /* Main.storyboard */ = {
			isa = PBXVariantGroup;
			children = (
				954D3B231E1497680064374F /* Base */,
			);
			name = Main.storyboard;
			sourceTree = "<group>";
		};
		954D3B271E1497680064374F /* LaunchScreen.storyboard */ = {
			isa = PBXVariantGroup;
			children = (
				954D3B281E1497680064374F /* Base */,
			);
			name = LaunchScreen.storyboard;
			sourceTree = "<group>";
		};
		954D3B421E1497AA0064374F /* Main.storyboard */ = {
			isa = PBXVariantGroup;
			children = (
				954D3B431E1497AA0064374F /* Base */,
			);
			name = Main.storyboard;
			sourceTree = "<group>";
		};
/* End PBXVariantGroup section */

/* Begin XCBuildConfiguration section */
		954D3B2B1E1497680064374F /* Debug */ = {
			isa = XCBuildConfiguration;
			buildSettings = {
				ALWAYS_SEARCH_USER_PATHS = NO;
				CLANG_ANALYZER_NONNULL = YES;
				CLANG_CXX_LANGUAGE_STANDARD = "gnu++0x";
				CLANG_CXX_LIBRARY = "libc++";
				CLANG_ENABLE_MODULES = YES;
				CLANG_ENABLE_OBJC_ARC = YES;
				CLANG_WARN_BOOL_CONVERSION = YES;
				CLANG_WARN_CONSTANT_CONVERSION = YES;
				CLANG_WARN_DIRECT_OBJC_ISA_USAGE = YES_ERROR;
				CLANG_WARN_DOCUMENTATION_COMMENTS = YES;
				CLANG_WARN_EMPTY_BODY = YES;
				CLANG_WARN_ENUM_CONVERSION = YES;
				CLANG_WARN_INFINITE_RECURSION = YES;
				CLANG_WARN_INT_CONVERSION = YES;
				CLANG_WARN_OBJC_ROOT_CLASS = YES_ERROR;
				CLANG_WARN_SUSPICIOUS_MOVE = YES;
				CLANG_WARN_UNREACHABLE_CODE = YES;
				CLANG_WARN__DUPLICATE_METHOD_MATCH = YES;
				"CODE_SIGN_IDENTITY[sdk=iphoneos*]" = "iPhone Developer";
				COPY_PHASE_STRIP = NO;
				DEBUG_INFORMATION_FORMAT = dwarf;
				ENABLE_STRICT_OBJC_MSGSEND = YES;
				ENABLE_TESTABILITY = YES;
				GCC_C_LANGUAGE_STANDARD = gnu99;
				GCC_DYNAMIC_NO_PIC = NO;
				GCC_NO_COMMON_BLOCKS = YES;
				GCC_OPTIMIZATION_LEVEL = 0;
				GCC_PREPROCESSOR_DEFINITIONS = (
					"DEBUG=1",
					"$(inherited)",
				);
				GCC_WARN_64_TO_32_BIT_CONVERSION = YES;
				GCC_WARN_ABOUT_RETURN_TYPE = YES_ERROR;
				GCC_WARN_UNDECLARED_SELECTOR = YES;
				GCC_WARN_UNINITIALIZED_AUTOS = YES_AGGRESSIVE;
				GCC_WARN_UNUSED_FUNCTION = YES;
				GCC_WARN_UNUSED_VARIABLE = YES;
				IPHONEOS_DEPLOYMENT_TARGET = 10.2;
				MTL_ENABLE_DEBUG_INFO = YES;
				ONLY_ACTIVE_ARCH = YES;
				SDKROOT = iphoneos;
				SWIFT_ACTIVE_COMPILATION_CONDITIONS = DEBUG;
				SWIFT_OPTIMIZATION_LEVEL = "-Onone";
				TARGETED_DEVICE_FAMILY = "1,2";
			};
			name = Debug;
		};
		954D3B2C1E1497680064374F /* Release */ = {
			isa = XCBuildConfiguration;
			buildSettings = {
				ALWAYS_SEARCH_USER_PATHS = NO;
				CLANG_ANALYZER_NONNULL = YES;
				CLANG_CXX_LANGUAGE_STANDARD = "gnu++0x";
				CLANG_CXX_LIBRARY = "libc++";
				CLANG_ENABLE_MODULES = YES;
				CLANG_ENABLE_OBJC_ARC = YES;
				CLANG_WARN_BOOL_CONVERSION = YES;
				CLANG_WARN_CONSTANT_CONVERSION = YES;
				CLANG_WARN_DIRECT_OBJC_ISA_USAGE = YES_ERROR;
				CLANG_WARN_DOCUMENTATION_COMMENTS = YES;
				CLANG_WARN_EMPTY_BODY = YES;
				CLANG_WARN_ENUM_CONVERSION = YES;
				CLANG_WARN_INFINITE_RECURSION = YES;
				CLANG_WARN_INT_CONVERSION = YES;
				CLANG_WARN_OBJC_ROOT_CLASS = YES_ERROR;
				CLANG_WARN_SUSPICIOUS_MOVE = YES;
				CLANG_WARN_UNREACHABLE_CODE = YES;
				CLANG_WARN__DUPLICATE_METHOD_MATCH = YES;
				"CODE_SIGN_IDENTITY[sdk=iphoneos*]" = "iPhone Developer";
				COPY_PHASE_STRIP = NO;
				DEBUG_INFORMATION_FORMAT = "dwarf-with-dsym";
				ENABLE_NS_ASSERTIONS = NO;
				ENABLE_STRICT_OBJC_MSGSEND = YES;
				GCC_C_LANGUAGE_STANDARD = gnu99;
				GCC_NO_COMMON_BLOCKS = YES;
				GCC_WARN_64_TO_32_BIT_CONVERSION = YES;
				GCC_WARN_ABOUT_RETURN_TYPE = YES_ERROR;
				GCC_WARN_UNDECLARED_SELECTOR = YES;
				GCC_WARN_UNINITIALIZED_AUTOS = YES_AGGRESSIVE;
				GCC_WARN_UNUSED_FUNCTION = YES;
				GCC_WARN_UNUSED_VARIABLE = YES;
				IPHONEOS_DEPLOYMENT_TARGET = 10.2;
				MTL_ENABLE_DEBUG_INFO = NO;
				SDKROOT = iphoneos;
				SWIFT_OPTIMIZATION_LEVEL = "-Owholemodule";
				TARGETED_DEVICE_FAMILY = "1,2";
				VALIDATE_PRODUCT = YES;
			};
			name = Release;
		};
		954D3B2E1E1497680064374F /* Debug */ = {
			isa = XCBuildConfiguration;
			baseConfigurationReference = 883E56004AE7E20F9D340CE5 /* Pods-PingPong.debug.xcconfig */;
			buildSettings = {
				ALWAYS_EMBED_SWIFT_STANDARD_LIBRARIES = YES;
				ASSETCATALOG_COMPILER_APPICON_NAME = AppIcon;
				DEVELOPMENT_TEAM = 8Q3X4RF687;
				INFOPLIST_FILE = PingPong/Info.plist;
				IPHONEOS_DEPLOYMENT_TARGET = 10.2;
				LD_RUNPATH_SEARCH_PATHS = "$(inherited) @executable_path/Frameworks";
				PRODUCT_BUNDLE_IDENTIFIER = com.memo.PingPong;
				PRODUCT_NAME = "$(TARGET_NAME)";
				SWIFT_VERSION = 3.0;
			};
			name = Debug;
		};
		954D3B2F1E1497680064374F /* Release */ = {
			isa = XCBuildConfiguration;
			baseConfigurationReference = 2F2146AB8EE0A89E20B9A5E7 /* Pods-PingPong.release.xcconfig */;
			buildSettings = {
				ALWAYS_EMBED_SWIFT_STANDARD_LIBRARIES = YES;
				ASSETCATALOG_COMPILER_APPICON_NAME = AppIcon;
				DEVELOPMENT_TEAM = 8Q3X4RF687;
				INFOPLIST_FILE = PingPong/Info.plist;
				IPHONEOS_DEPLOYMENT_TARGET = 10.2;
				LD_RUNPATH_SEARCH_PATHS = "$(inherited) @executable_path/Frameworks";
				PRODUCT_BUNDLE_IDENTIFIER = com.memo.PingPong;
				PRODUCT_NAME = "$(TARGET_NAME)";
				SWIFT_VERSION = 3.0;
			};
			name = Release;
		};
		954D3B491E1497AA0064374F /* Debug */ = {
			isa = XCBuildConfiguration;
			baseConfigurationReference = 994BCDF418EC9BC80502D64B /* Pods-PingPongtvOS.debug.xcconfig */;
			buildSettings = {
				ASSETCATALOG_COMPILER_APPICON_NAME = "App Icon & Top Shelf Image";
				ASSETCATALOG_COMPILER_LAUNCHIMAGE_NAME = LaunchImage;
				DEVELOPMENT_TEAM = 8Q3X4RF687;
				INFOPLIST_FILE = PingPongtvOS/Info.plist;
				LD_RUNPATH_SEARCH_PATHS = "$(inherited) @executable_path/Frameworks";
				PRODUCT_BUNDLE_IDENTIFIER = com.memo.PingPongtvOS;
				PRODUCT_NAME = "$(TARGET_NAME)";
				SDKROOT = appletvos;
				SWIFT_VERSION = 3.0;
				TARGETED_DEVICE_FAMILY = 3;
				TVOS_DEPLOYMENT_TARGET = 10.1;
			};
			name = Debug;
		};
		954D3B4A1E1497AA0064374F /* Release */ = {
			isa = XCBuildConfiguration;
			baseConfigurationReference = 8BC6E62091F96F48E3976EA4 /* Pods-PingPongtvOS.release.xcconfig */;
			buildSettings = {
				ASSETCATALOG_COMPILER_APPICON_NAME = "App Icon & Top Shelf Image";
				ASSETCATALOG_COMPILER_LAUNCHIMAGE_NAME = LaunchImage;
				DEVELOPMENT_TEAM = 8Q3X4RF687;
				INFOPLIST_FILE = PingPongtvOS/Info.plist;
				LD_RUNPATH_SEARCH_PATHS = "$(inherited) @executable_path/Frameworks";
				PRODUCT_BUNDLE_IDENTIFIER = com.memo.PingPongtvOS;
				PRODUCT_NAME = "$(TARGET_NAME)";
				SDKROOT = appletvos;
				SWIFT_VERSION = 3.0;
				TARGETED_DEVICE_FAMILY = 3;
				TVOS_DEPLOYMENT_TARGET = 10.1;
			};
			name = Release;
		};
/* End XCBuildConfiguration section */

/* Begin XCConfigurationList section */
		954D3B101E1497680064374F /* Build configuration list for PBXProject "PingPong" */ = {
			isa = XCConfigurationList;
			buildConfigurations = (
				954D3B2B1E1497680064374F /* Debug */,
				954D3B2C1E1497680064374F /* Release */,
			);
			defaultConfigurationIsVisible = 0;
			defaultConfigurationName = Release;
		};
		954D3B2D1E1497680064374F /* Build configuration list for PBXNativeTarget "PingPong" */ = {
			isa = XCConfigurationList;
			buildConfigurations = (
				954D3B2E1E1497680064374F /* Debug */,
				954D3B2F1E1497680064374F /* Release */,
			);
			defaultConfigurationIsVisible = 0;
			defaultConfigurationName = Release;
		};
		954D3B481E1497AA0064374F /* Build configuration list for PBXNativeTarget "PingPongtvOS" */ = {
			isa = XCConfigurationList;
			buildConfigurations = (
				954D3B491E1497AA0064374F /* Debug */,
				954D3B4A1E1497AA0064374F /* Release */,
			);
			defaultConfigurationIsVisible = 0;
			defaultConfigurationName = Release;
		};
/* End XCConfigurationList section */
	};
	rootObject = 954D3B0D1E1497680064374F /* Project object */;
}
